{
  "name": "dsviper-jsonrpc-server",
  "version": "0.1.0",
  "lockfileVersion": 3,
  "requires": true,
  "packages": {
    "": {
      "name": "dsviper-jsonrpc-server",
      "version": "0.1.0",
      "license": "MIT",
      "dependencies": {
        "@digitalsubstrate/dsviper": ">=1.2.8 <2"
      },
      "engines": {
        "node": ">=18"
      }
    },
    "node_modules/@digitalsubstrate/dsviper": {
      "version": "1.2.9",
      "resolved": "https://registry.npmjs.org/@digitalsubstrate/dsviper/-/dsviper-1.2.9.tgz",
      "integrity": "sha512-uBMQaw70lCpOraPCJl/Bpz3AyWQ9ObltMkgKolq8yd2YxVm13XrSSgXf5CG2haDgXvGpNNwTgIv26dp5FVXf0g==",
      "license": "LicenseRef-DigitalSubstrate-Commercial-1.2",
      "engines": {
        "node": ">=18"
      }
    }
  }
}
